// !$*UTF8*$!
{
	archiveVersion = 1;
	classes = {
	};
	objectVersion = 55;
	objects = {

/* Begin PBXBuildFile section */
		75ACE443288E9976000CD758 /* AppDelegate.swift in Sources */ = {isa = PBXBuildFile; fileRef = 75ACE442288E9976000CD758 /* AppDelegate.swift */; };
		75ACE44C288E9977000CD758 /* Assets.xcassets in Resources */ = {isa = PBXBuildFile; fileRef = 75ACE44B288E9977000CD758 /* Assets.xcassets */; };
		75ACE45F288E9C25000CD758 /* AppDependencies.swift in Sources */ = {isa = PBXBuildFile; fileRef = 75ACE45E288E9C25000CD758 /* AppDependencies.swift */; };
		75ACE461288E9C56000CD758 /* MainCoordinator.swift in Sources */ = {isa = PBXBuildFile; fileRef = 75ACE460288E9C56000CD758 /* MainCoordinator.swift */; };
		75ACE463288E9C8D000CD758 /* BaseCoordinator.swift in Sources */ = {isa = PBXBuildFile; fileRef = 75ACE462288E9C8D000CD758 /* BaseCoordinator.swift */; };
		75ACE465288E9EEA000CD758 /* BaseViewController.swift in Sources */ = {isa = PBXBuildFile; fileRef = 75ACE464288E9EEA000CD758 /* BaseViewController.swift */; };
		75ACE467288E9F34000CD758 /* BasePresenter.swift in Sources */ = {isa = PBXBuildFile; fileRef = 75ACE466288E9F34000CD758 /* BasePresenter.swift */; };
		75ACE46D288E9FC6000CD758 /* ApiEnvironment.swift in Sources */ = {isa = PBXBuildFile; fileRef = 75ACE46C288E9FC6000CD758 /* ApiEnvironment.swift */; };
		75ACE475288EA605000CD758 /* CharacterListViewController.swift in Sources */ = {isa = PBXBuildFile; fileRef = 75ACE474288EA605000CD758 /* CharacterListViewController.swift */; };
		75ACE479288EA83C000CD758 /* CharacterViewCell.swift in Sources */ = {isa = PBXBuildFile; fileRef = 75ACE478288EA83C000CD758 /* CharacterViewCell.swift */; };
		75ACE47B288EAACA000CD758 /* CharacterListPresenter.swift in Sources */ = {isa = PBXBuildFile; fileRef = 75ACE47A288EAACA000CD758 /* CharacterListPresenter.swift */; };
		75ACE47D288EAAEE000CD758 /* CharacterListPresenterProtocol.swift in Sources */ = {isa = PBXBuildFile; fileRef = 75ACE47C288EAAEE000CD758 /* CharacterListPresenterProtocol.swift */; };
		75ACE480288EADE8000CD758 /* UIViewExtensions.swift in Sources */ = {isa = PBXBuildFile; fileRef = 75ACE47F288EADE8000CD758 /* UIViewExtensions.swift */; };
		75ACE482288EB552000CD758 /* SpacerView.swift in Sources */ = {isa = PBXBuildFile; fileRef = 75ACE481288EB552000CD758 /* SpacerView.swift */; };
		75ACE486288EB71A000CD758 /* SplashViewController.swift in Sources */ = {isa = PBXBuildFile; fileRef = 75ACE485288EB71A000CD758 /* SplashViewController.swift */; };
		75ACE489288EB75D000CD758 /* SplashPresenter.swift in Sources */ = {isa = PBXBuildFile; fileRef = 75ACE488288EB75D000CD758 /* SplashPresenter.swift */; };
		75ACE48B288EB76C000CD758 /* SplashPresenterProtocol.swift in Sources */ = {isa = PBXBuildFile; fileRef = 75ACE48A288EB76C000CD758 /* SplashPresenterProtocol.swift */; };
		75ACE48E288EB88F000CD758 /* BaseInteractor.swift in Sources */ = {isa = PBXBuildFile; fileRef = 75ACE48D288EB88F000CD758 /* BaseInteractor.swift */; };
		75ACE490288EB905000CD758 /* SplashInteractorProtocol.swift in Sources */ = {isa = PBXBuildFile; fileRef = 75ACE48F288EB905000CD758 /* SplashInteractorProtocol.swift */; };
		75ACE492288EB920000CD758 /* SplashInteractor.swift in Sources */ = {isa = PBXBuildFile; fileRef = 75ACE491288EB920000CD758 /* SplashInteractor.swift */; };
		75ACE497288FCC55000CD758 /* LaunchScreen.storyboard in Resources */ = {isa = PBXBuildFile; fileRef = 75ACE496288FCC55000CD758 /* LaunchScreen.storyboard */; };
		75ACE49A288FD1D7000CD758 /* DataSource.swift in Sources */ = {isa = PBXBuildFile; fileRef = 75ACE499288FD1D7000CD758 /* DataSource.swift */; };
		75ACE49C288FD221000CD758 /* Error.swift in Sources */ = {isa = PBXBuildFile; fileRef = 75ACE49B288FD221000CD758 /* Error.swift */; };
		75ACE49F288FEB93000CD758 /* DescriptionResponse.swift in Sources */ = {isa = PBXBuildFile; fileRef = 75ACE49E288FEB93000CD758 /* DescriptionResponse.swift */; };
		75ACE4A2288FF235000CD758 /* CharactersRequest.swift in Sources */ = {isa = PBXBuildFile; fileRef = 75ACE4A1288FF235000CD758 /* CharactersRequest.swift */; };
		75ACE4A4288FF3EF000CD758 /* APIConnector.swift in Sources */ = {isa = PBXBuildFile; fileRef = 75ACE4A3288FF3EF000CD758 /* APIConnector.swift */; };
		75ACE4A628900754000CD758 /* Character.swift in Sources */ = {isa = PBXBuildFile; fileRef = 75ACE4A528900754000CD758 /* Character.swift */; };
		75ACE4AA28912976000CD758 /* Characters.swift in Sources */ = {isa = PBXBuildFile; fileRef = 75ACE4A928912976000CD758 /* Characters.swift */; };
		75ACE4AC28912CF9000CD758 /* ApiSplashDataSource.swift in Sources */ = {isa = PBXBuildFile; fileRef = 75ACE4AB28912CF9000CD758 /* ApiSplashDataSource.swift */; };
		75ACE4AE28912D14000CD758 /* ApiSplashDataSourceProtocol.swift in Sources */ = {isa = PBXBuildFile; fileRef = 75ACE4AD28912D14000CD758 /* ApiSplashDataSourceProtocol.swift */; };
		75ACE4B028913B61000CD758 /* SessionCharactersDataSource.swift in Sources */ = {isa = PBXBuildFile; fileRef = 75ACE4AF28913B61000CD758 /* SessionCharactersDataSource.swift */; };
		75ACE4B328913B89000CD758 /* SessionCharactersDataSourceProtocol.swift in Sources */ = {isa = PBXBuildFile; fileRef = 75ACE4B228913B89000CD758 /* SessionCharactersDataSourceProtocol.swift */; };
/* End PBXBuildFile section */

/* Begin PBXFileReference section */
		75ACE43F288E9976000CD758 /* Marvel.app */ = {isa = PBXFileReference; explicitFileType = wrapper.application; includeInIndex = 0; path = Marvel.app; sourceTree = BUILT_PRODUCTS_DIR; };
		75ACE442288E9976000CD758 /* AppDelegate.swift */ = {isa = PBXFileReference; lastKnownFileType = sourcecode.swift; path = AppDelegate.swift; sourceTree = "<group>"; };
		75ACE44B288E9977000CD758 /* Assets.xcassets */ = {isa = PBXFileReference; lastKnownFileType = folder.assetcatalog; path = Assets.xcassets; sourceTree = "<group>"; };
		75ACE450288E9977000CD758 /* Info.plist */ = {isa = PBXFileReference; lastKnownFileType = text.plist.xml; path = Info.plist; sourceTree = "<group>"; };
		75ACE45E288E9C25000CD758 /* AppDependencies.swift */ = {isa = PBXFileReference; lastKnownFileType = sourcecode.swift; path = AppDependencies.swift; sourceTree = "<group>"; };
		75ACE460288E9C56000CD758 /* MainCoordinator.swift */ = {isa = PBXFileReference; lastKnownFileType = sourcecode.swift; path = MainCoordinator.swift; sourceTree = "<group>"; };
		75ACE462288E9C8D000CD758 /* BaseCoordinator.swift */ = {isa = PBXFileReference; lastKnownFileType = sourcecode.swift; path = BaseCoordinator.swift; sourceTree = "<group>"; };
		75ACE464288E9EEA000CD758 /* BaseViewController.swift */ = {isa = PBXFileReference; lastKnownFileType = sourcecode.swift; path = BaseViewController.swift; sourceTree = "<group>"; };
		75ACE466288E9F34000CD758 /* BasePresenter.swift */ = {isa = PBXFileReference; lastKnownFileType = sourcecode.swift; path = BasePresenter.swift; sourceTree = "<group>"; };
		75ACE46C288E9FC6000CD758 /* ApiEnvironment.swift */ = {isa = PBXFileReference; lastKnownFileType = sourcecode.swift; path = ApiEnvironment.swift; sourceTree = "<group>"; };
		75ACE474288EA605000CD758 /* CharacterListViewController.swift */ = {isa = PBXFileReference; lastKnownFileType = sourcecode.swift; path = CharacterListViewController.swift; sourceTree = "<group>"; };
		75ACE478288EA83C000CD758 /* CharacterViewCell.swift */ = {isa = PBXFileReference; lastKnownFileType = sourcecode.swift; path = CharacterViewCell.swift; sourceTree = "<group>"; };
		75ACE47A288EAACA000CD758 /* CharacterListPresenter.swift */ = {isa = PBXFileReference; lastKnownFileType = sourcecode.swift; path = CharacterListPresenter.swift; sourceTree = "<group>"; };
		75ACE47C288EAAEE000CD758 /* CharacterListPresenterProtocol.swift */ = {isa = PBXFileReference; lastKnownFileType = sourcecode.swift; path = CharacterListPresenterProtocol.swift; sourceTree = "<group>"; };
		75ACE47F288EADE8000CD758 /* UIViewExtensions.swift */ = {isa = PBXFileReference; lastKnownFileType = sourcecode.swift; path = UIViewExtensions.swift; sourceTree = "<group>"; };
		75ACE481288EB552000CD758 /* SpacerView.swift */ = {isa = PBXFileReference; lastKnownFileType = sourcecode.swift; path = SpacerView.swift; sourceTree = "<group>"; };
		75ACE485288EB71A000CD758 /* SplashViewController.swift */ = {isa = PBXFileReference; lastKnownFileType = sourcecode.swift; path = SplashViewController.swift; sourceTree = "<group>"; };
		75ACE488288EB75D000CD758 /* SplashPresenter.swift */ = {isa = PBXFileReference; lastKnownFileType = sourcecode.swift; path = SplashPresenter.swift; sourceTree = "<group>"; };
		75ACE48A288EB76C000CD758 /* SplashPresenterProtocol.swift */ = {isa = PBXFileReference; lastKnownFileType = sourcecode.swift; path = SplashPresenterProtocol.swift; sourceTree = "<group>"; };
		75ACE48D288EB88F000CD758 /* BaseInteractor.swift */ = {isa = PBXFileReference; lastKnownFileType = sourcecode.swift; path = BaseInteractor.swift; sourceTree = "<group>"; };
		75ACE48F288EB905000CD758 /* SplashInteractorProtocol.swift */ = {isa = PBXFileReference; lastKnownFileType = sourcecode.swift; path = SplashInteractorProtocol.swift; sourceTree = "<group>"; };
		75ACE491288EB920000CD758 /* SplashInteractor.swift */ = {isa = PBXFileReference; lastKnownFileType = sourcecode.swift; path = SplashInteractor.swift; sourceTree = "<group>"; };
		75ACE496288FCC55000CD758 /* LaunchScreen.storyboard */ = {isa = PBXFileReference; fileEncoding = 4; lastKnownFileType = file.storyboard; path = LaunchScreen.storyboard; sourceTree = "<group>"; };
		75ACE499288FD1D7000CD758 /* DataSource.swift */ = {isa = PBXFileReference; lastKnownFileType = sourcecode.swift; path = DataSource.swift; sourceTree = "<group>"; };
		75ACE49B288FD221000CD758 /* Error.swift */ = {isa = PBXFileReference; lastKnownFileType = sourcecode.swift; path = Error.swift; sourceTree = "<group>"; };
		75ACE49E288FEB93000CD758 /* DescriptionResponse.swift */ = {isa = PBXFileReference; lastKnownFileType = sourcecode.swift; path = DescriptionResponse.swift; sourceTree = "<group>"; };
		75ACE4A1288FF235000CD758 /* CharactersRequest.swift */ = {isa = PBXFileReference; lastKnownFileType = sourcecode.swift; path = CharactersRequest.swift; sourceTree = "<group>"; };
		75ACE4A3288FF3EF000CD758 /* APIConnector.swift */ = {isa = PBXFileReference; lastKnownFileType = sourcecode.swift; path = APIConnector.swift; sourceTree = "<group>"; };
		75ACE4A528900754000CD758 /* Character.swift */ = {isa = PBXFileReference; lastKnownFileType = sourcecode.swift; path = Character.swift; sourceTree = "<group>"; };
		75ACE4A928912976000CD758 /* Characters.swift */ = {isa = PBXFileReference; lastKnownFileType = sourcecode.swift; path = Characters.swift; sourceTree = "<group>"; };
		75ACE4AB28912CF9000CD758 /* ApiSplashDataSource.swift */ = {isa = PBXFileReference; lastKnownFileType = sourcecode.swift; path = ApiSplashDataSource.swift; sourceTree = "<group>"; };
		75ACE4AD28912D14000CD758 /* ApiSplashDataSourceProtocol.swift */ = {isa = PBXFileReference; lastKnownFileType = sourcecode.swift; path = ApiSplashDataSourceProtocol.swift; sourceTree = "<group>"; };
		75ACE4AF28913B61000CD758 /* SessionCharactersDataSource.swift */ = {isa = PBXFileReference; lastKnownFileType = sourcecode.swift; path = SessionCharactersDataSource.swift; sourceTree = "<group>"; };
		75ACE4B228913B89000CD758 /* SessionCharactersDataSourceProtocol.swift */ = {isa = PBXFileReference; lastKnownFileType = sourcecode.swift; path = SessionCharactersDataSourceProtocol.swift; sourceTree = "<group>"; };
/* End PBXFileReference section */

/* Begin PBXFrameworksBuildPhase section */
		75ACE43C288E9976000CD758 /* Frameworks */ = {
			isa = PBXFrameworksBuildPhase;
			buildActionMask = 2147483647;
			files = (
			);
			runOnlyForDeploymentPostprocessing = 0;
		};
/* End PBXFrameworksBuildPhase section */

/* Begin PBXGroup section */
		75ACE436288E9976000CD758 = {
			isa = PBXGroup;
			children = (
				75ACE441288E9976000CD758 /* Marvel */,
				75ACE440288E9976000CD758 /* Products */,
			);
			sourceTree = "<group>";
		};
		75ACE440288E9976000CD758 /* Products */ = {
			isa = PBXGroup;
			children = (
				75ACE43F288E9976000CD758 /* Marvel.app */,
			);
			name = Products;
			sourceTree = "<group>";
		};
		75ACE441288E9976000CD758 /* Marvel */ = {
			isa = PBXGroup;
			children = (
				75ACE457288E9BD2000CD758 /* App */,
				75ACE456288E9BC9000CD758 /* Presentation */,
				75ACE458288E9BD6000CD758 /* Domain */,
				75ACE459288E9BDC000CD758 /* Data */,
				75ACE44B288E9977000CD758 /* Assets.xcassets */,
				75ACE496288FCC55000CD758 /* LaunchScreen.storyboard */,
				75ACE450288E9977000CD758 /* Info.plist */,
			);
			path = Marvel;
			sourceTree = "<group>";
		};
		75ACE456288E9BC9000CD758 /* Presentation */ = {
			isa = PBXGroup;
			children = (
				75ACE47E288EADCE000CD758 /* Extensions */,
				75ACE476288EA741000CD758 /* Components */,
				75ACE45C288E9BF3000CD758 /* AppDependencies */,
				75ACE45B288E9BEB000CD758 /* Coordinators */,
				75ACE45D288E9C05000CD758 /* Core */,
				75ACE45A288E9BE7000CD758 /* Modules */,
			);
			path = Presentation;
			sourceTree = "<group>";
		};
		75ACE457288E9BD2000CD758 /* App */ = {
			isa = PBXGroup;
			children = (
				75ACE442288E9976000CD758 /* AppDelegate.swift */,
			);
			path = App;
			sourceTree = "<group>";
		};
		75ACE458288E9BD6000CD758 /* Domain */ = {
			isa = PBXGroup;
			children = (
				75ACE493288EBAC7000CD758 /* New Group */,
				75ACE468288E9F60000CD758 /* Model */,
				75ACE469288E9F67000CD758 /* Interactor */,
			);
			path = Domain;
			sourceTree = "<group>";
		};
		75ACE459288E9BDC000CD758 /* Data */ = {
			isa = PBXGroup;
			children = (
				75ACE4A0288FF20C000CD758 /* APIRequest */,
				75ACE494288EBCD3000CD758 /* DataSources */,
				75ACE46B288E9FB6000CD758 /* Core */,
				75ACE46A288E9F73000CD758 /* ApiResponses */,
			);
			path = Data;
			sourceTree = "<group>";
		};
		75ACE45A288E9BE7000CD758 /* Modules */ = {
			isa = PBXGroup;
			children = (
				75ACE483288EB707000CD758 /* Splash */,
				75ACE46E288EA591000CD758 /* Characters */,
				75ACE46F288EA599000CD758 /* Detail */,
			);
			path = Modules;
			sourceTree = "<group>";
		};
		75ACE45B288E9BEB000CD758 /* Coordinators */ = {
			isa = PBXGroup;
			children = (
				75ACE460288E9C56000CD758 /* MainCoordinator.swift */,
			);
			path = Coordinators;
			sourceTree = "<group>";
		};
		75ACE45C288E9BF3000CD758 /* AppDependencies */ = {
			isa = PBXGroup;
			children = (
				75ACE45E288E9C25000CD758 /* AppDependencies.swift */,
			);
			path = AppDependencies;
			sourceTree = "<group>";
		};
		75ACE45D288E9C05000CD758 /* Core */ = {
			isa = PBXGroup;
			children = (
				75ACE462288E9C8D000CD758 /* BaseCoordinator.swift */,
				75ACE464288E9EEA000CD758 /* BaseViewController.swift */,
				75ACE466288E9F34000CD758 /* BasePresenter.swift */,
				75ACE48D288EB88F000CD758 /* BaseInteractor.swift */,
			);
			path = Core;
			sourceTree = "<group>";
		};
		75ACE468288E9F60000CD758 /* Model */ = {
			isa = PBXGroup;
			children = (
				75ACE4A528900754000CD758 /* Character.swift */,
				75ACE4A928912976000CD758 /* Characters.swift */,
			);
			path = Model;
			sourceTree = "<group>";
		};
		75ACE469288E9F67000CD758 /* Interactor */ = {
			isa = PBXGroup;
			children = (
				75ACE48C288EB806000CD758 /* Splash */,
			);
			path = Interactor;
			sourceTree = "<group>";
		};
		75ACE46A288E9F73000CD758 /* ApiResponses */ = {
			isa = PBXGroup;
			children = (
				75ACE49E288FEB93000CD758 /* DescriptionResponse.swift */,
			);
			path = ApiResponses;
			sourceTree = "<group>";
		};
		75ACE46B288E9FB6000CD758 /* Core */ = {
			isa = PBXGroup;
			children = (
				75ACE46C288E9FC6000CD758 /* ApiEnvironment.swift */,
				75ACE499288FD1D7000CD758 /* DataSource.swift */,
				75ACE49B288FD221000CD758 /* Error.swift */,
				75ACE4A3288FF3EF000CD758 /* APIConnector.swift */,
			);
			path = Core;
			sourceTree = "<group>";
		};
		75ACE46E288EA591000CD758 /* Characters */ = {
			isa = PBXGroup;
			children = (
				75ACE470288EA5A8000CD758 /* View */,
				75ACE471288EA5AD000CD758 /* Presenter */,
			);
			path = Characters;
			sourceTree = "<group>";
		};
		75ACE46F288EA599000CD758 /* Detail */ = {
			isa = PBXGroup;
			children = (
				75ACE472288EA5B6000CD758 /* View */,
				75ACE473288EA5C1000CD758 /* Presenter */,
			);
			path = Detail;
			sourceTree = "<group>";
		};
		75ACE470288EA5A8000CD758 /* View */ = {
			isa = PBXGroup;
			children = (
				75ACE477288EA80C000CD758 /* Cell */,
				75ACE474288EA605000CD758 /* CharacterListViewController.swift */,
			);
			path = View;
			sourceTree = "<group>";
		};
		75ACE471288EA5AD000CD758 /* Presenter */ = {
			isa = PBXGroup;
			children = (
				75ACE47A288EAACA000CD758 /* CharacterListPresenter.swift */,
				75ACE47C288EAAEE000CD758 /* CharacterListPresenterProtocol.swift */,
			);
			path = Presenter;
			sourceTree = "<group>";
		};
		75ACE472288EA5B6000CD758 /* View */ = {
			isa = PBXGroup;
			children = (
			);
			path = View;
			sourceTree = "<group>";
		};
		75ACE473288EA5C1000CD758 /* Presenter */ = {
			isa = PBXGroup;
			children = (
			);
			path = Presenter;
			sourceTree = "<group>";
		};
		75ACE476288EA741000CD758 /* Components */ = {
			isa = PBXGroup;
			children = (
				75ACE481288EB552000CD758 /* SpacerView.swift */,
			);
			path = Components;
			sourceTree = "<group>";
		};
		75ACE477288EA80C000CD758 /* Cell */ = {
			isa = PBXGroup;
			children = (
				75ACE478288EA83C000CD758 /* CharacterViewCell.swift */,
			);
			path = Cell;
			sourceTree = "<group>";
		};
		75ACE47E288EADCE000CD758 /* Extensions */ = {
			isa = PBXGroup;
			children = (
				75ACE47F288EADE8000CD758 /* UIViewExtensions.swift */,
			);
			path = Extensions;
			sourceTree = "<group>";
		};
		75ACE483288EB707000CD758 /* Splash */ = {
			isa = PBXGroup;
			children = (
				75ACE487288EB73F000CD758 /* Presenter */,
				75ACE484288EB70B000CD758 /* View */,
			);
			path = Splash;
			sourceTree = "<group>";
		};
		75ACE484288EB70B000CD758 /* View */ = {
			isa = PBXGroup;
			children = (
				75ACE485288EB71A000CD758 /* SplashViewController.swift */,
			);
			path = View;
			sourceTree = "<group>";
		};
		75ACE487288EB73F000CD758 /* Presenter */ = {
			isa = PBXGroup;
			children = (
				75ACE488288EB75D000CD758 /* SplashPresenter.swift */,
				75ACE48A288EB76C000CD758 /* SplashPresenterProtocol.swift */,
			);
			path = Presenter;
			sourceTree = "<group>";
		};
		75ACE48C288EB806000CD758 /* Splash */ = {
			isa = PBXGroup;
			children = (
				75ACE48F288EB905000CD758 /* SplashInteractorProtocol.swift */,
				75ACE491288EB920000CD758 /* SplashInteractor.swift */,
			);
			path = Splash;
			sourceTree = "<group>";
		};
		75ACE493288EBAC7000CD758 /* New Group */ = {
			isa = PBXGroup;
			children = (
			);
			path = "New Group";
			sourceTree = "<group>";
		};
		75ACE494288EBCD3000CD758 /* DataSources */ = {
			isa = PBXGroup;
			children = (
				75ACE4B128913B72000CD758 /* Characters */,
				75ACE498288FD06E000CD758 /* Splash */,
			);
			path = DataSources;
			sourceTree = "<group>";
		};
		75ACE498288FD06E000CD758 /* Splash */ = {
			isa = PBXGroup;
			children = (
				75ACE4AB28912CF9000CD758 /* ApiSplashDataSource.swift */,
				75ACE4AD28912D14000CD758 /* ApiSplashDataSourceProtocol.swift */,
			);
			path = Splash;
			sourceTree = "<group>";
		};
		75ACE4A0288FF20C000CD758 /* APIRequest */ = {
			isa = PBXGroup;
			children = (
				75ACE4A1288FF235000CD758 /* CharactersRequest.swift */,
			);
			path = APIRequest;
			sourceTree = "<group>";
		};
		75ACE4B128913B72000CD758 /* Characters */ = {
			isa = PBXGroup;
			children = (
				75ACE4AF28913B61000CD758 /* SessionCharactersDataSource.swift */,
				75ACE4B228913B89000CD758 /* SessionCharactersDataSourceProtocol.swift */,
			);
			path = Characters;
			sourceTree = "<group>";
		};
/* End PBXGroup section */

/* Begin PBXNativeTarget section */
		75ACE43E288E9976000CD758 /* Marvel */ = {
			isa = PBXNativeTarget;
			buildConfigurationList = 75ACE453288E9977000CD758 /* Build configuration list for PBXNativeTarget "Marvel" */;
			buildPhases = (
				75ACE43B288E9976000CD758 /* Sources */,
				75ACE43C288E9976000CD758 /* Frameworks */,
				75ACE43D288E9976000CD758 /* Resources */,
			);
			buildRules = (
			);
			dependencies = (
			);
			name = Marvel;
			productName = Marbel;
			productReference = 75ACE43F288E9976000CD758 /* Marvel.app */;
			productType = "com.apple.product-type.application";
		};
/* End PBXNativeTarget section */

/* Begin PBXProject section */
		75ACE437288E9976000CD758 /* Project object */ = {
			isa = PBXProject;
			attributes = {
				BuildIndependentTargetsInParallel = 1;
				LastSwiftUpdateCheck = 1330;
				LastUpgradeCheck = 1330;
				TargetAttributes = {
					75ACE43E288E9976000CD758 = {
						CreatedOnToolsVersion = 13.3;
					};
				};
			};
			buildConfigurationList = 75ACE43A288E9976000CD758 /* Build configuration list for PBXProject "Marvel" */;
			compatibilityVersion = "Xcode 13.0";
			developmentRegion = en;
			hasScannedForEncodings = 0;
			knownRegions = (
				en,
				Base,
			);
			mainGroup = 75ACE436288E9976000CD758;
			productRefGroup = 75ACE440288E9976000CD758 /* Products */;
			projectDirPath = "";
			projectRoot = "";
			targets = (
				75ACE43E288E9976000CD758 /* Marvel */,
			);
		};
/* End PBXProject section */

/* Begin PBXResourcesBuildPhase section */
		75ACE43D288E9976000CD758 /* Resources */ = {
			isa = PBXResourcesBuildPhase;
			buildActionMask = 2147483647;
			files = (
				75ACE44C288E9977000CD758 /* Assets.xcassets in Resources */,
				75ACE497288FCC55000CD758 /* LaunchScreen.storyboard in Resources */,
			);
			runOnlyForDeploymentPostprocessing = 0;
		};
/* End PBXResourcesBuildPhase section */

/* Begin PBXSourcesBuildPhase section */
		75ACE43B288E9976000CD758 /* Sources */ = {
			isa = PBXSourcesBuildPhase;
			buildActionMask = 2147483647;
			files = (
				75ACE45F288E9C25000CD758 /* AppDependencies.swift in Sources */,
				75ACE467288E9F34000CD758 /* BasePresenter.swift in Sources */,
				75ACE463288E9C8D000CD758 /* BaseCoordinator.swift in Sources */,
				75ACE48E288EB88F000CD758 /* BaseInteractor.swift in Sources */,
				75ACE475288EA605000CD758 /* CharacterListViewController.swift in Sources */,
				75ACE49F288FEB93000CD758 /* DescriptionResponse.swift in Sources */,
				75ACE4AE28912D14000CD758 /* ApiSplashDataSourceProtocol.swift in Sources */,
				75ACE4AC28912CF9000CD758 /* ApiSplashDataSource.swift in Sources */,
				75ACE47B288EAACA000CD758 /* CharacterListPresenter.swift in Sources */,
				75ACE47D288EAAEE000CD758 /* CharacterListPresenterProtocol.swift in Sources */,
				75ACE490288EB905000CD758 /* SplashInteractorProtocol.swift in Sources */,
				75ACE48B288EB76C000CD758 /* SplashPresenterProtocol.swift in Sources */,
				75ACE443288E9976000CD758 /* AppDelegate.swift in Sources */,
				75ACE482288EB552000CD758 /* SpacerView.swift in Sources */,
				75ACE480288EADE8000CD758 /* UIViewExtensions.swift in Sources */,
				75ACE46D288E9FC6000CD758 /* ApiEnvironment.swift in Sources */,
				75ACE492288EB920000CD758 /* SplashInteractor.swift in Sources */,
				75ACE489288EB75D000CD758 /* SplashPresenter.swift in Sources */,
				75ACE461288E9C56000CD758 /* MainCoordinator.swift in Sources */,
				75ACE4AA28912976000CD758 /* Characters.swift in Sources */,
				75ACE465288E9EEA000CD758 /* BaseViewController.swift in Sources */,
				75ACE4B328913B89000CD758 /* SessionCharactersDataSourceProtocol.swift in Sources */,
				75ACE4A4288FF3EF000CD758 /* APIConnector.swift in Sources */,
				75ACE4A2288FF235000CD758 /* CharactersRequest.swift in Sources */,
				75ACE479288EA83C000CD758 /* CharacterViewCell.swift in Sources */,
				75ACE49A288FD1D7000CD758 /* DataSource.swift in Sources */,
				75ACE4A628900754000CD758 /* Character.swift in Sources */,
				75ACE49C288FD221000CD758 /* Error.swift in Sources */,
				75ACE486288EB71A000CD758 /* SplashViewController.swift in Sources */,
				75ACE4B028913B61000CD758 /* SessionCharactersDataSource.swift in Sources */,
			);
			runOnlyForDeploymentPostprocessing = 0;
		};
/* End PBXSourcesBuildPhase section */

/* Begin XCBuildConfiguration section */
		75ACE451288E9977000CD758 /* Debug */ = {
			isa = XCBuildConfiguration;
			buildSettings = {
				ALWAYS_SEARCH_USER_PATHS = NO;
				API_BASE_URL = "https://gateway.marvel.com";
				CLANG_ANALYZER_NONNULL = YES;
				CLANG_ANALYZER_NUMBER_OBJECT_CONVERSION = YES_AGGRESSIVE;
				CLANG_CXX_LANGUAGE_STANDARD = "gnu++17";
				CLANG_ENABLE_MODULES = YES;
				CLANG_ENABLE_OBJC_ARC = YES;
				CLANG_ENABLE_OBJC_WEAK = YES;
				CLANG_WARN_BLOCK_CAPTURE_AUTORELEASING = YES;
				CLANG_WARN_BOOL_CONVERSION = YES;
				CLANG_WARN_COMMA = YES;
				CLANG_WARN_CONSTANT_CONVERSION = YES;
				CLANG_WARN_DEPRECATED_OBJC_IMPLEMENTATIONS = YES;
				CLANG_WARN_DIRECT_OBJC_ISA_USAGE = YES_ERROR;
				CLANG_WARN_DOCUMENTATION_COMMENTS = YES;
				CLANG_WARN_EMPTY_BODY = YES;
				CLANG_WARN_ENUM_CONVERSION = YES;
				CLANG_WARN_INFINITE_RECURSION = YES;
				CLANG_WARN_INT_CONVERSION = YES;
				CLANG_WARN_NON_LITERAL_NULL_CONVERSION = YES;
				CLANG_WARN_OBJC_IMPLICIT_RETAIN_SELF = YES;
				CLANG_WARN_OBJC_LITERAL_CONVERSION = YES;
				CLANG_WARN_OBJC_ROOT_CLASS = YES_ERROR;
				CLANG_WARN_QUOTED_INCLUDE_IN_FRAMEWORK_HEADER = YES;
				CLANG_WARN_RANGE_LOOP_ANALYSIS = YES;
				CLANG_WARN_STRICT_PROTOTYPES = YES;
				CLANG_WARN_SUSPICIOUS_MOVE = YES;
				CLANG_WARN_UNGUARDED_AVAILABILITY = YES_AGGRESSIVE;
				CLANG_WARN_UNREACHABLE_CODE = YES;
				CLANG_WARN__DUPLICATE_METHOD_MATCH = YES;
				COPY_PHASE_STRIP = NO;
				DEBUG_INFORMATION_FORMAT = dwarf;
				ENABLE_STRICT_OBJC_MSGSEND = YES;
				ENABLE_TESTABILITY = YES;
				GCC_C_LANGUAGE_STANDARD = gnu11;
				GCC_DYNAMIC_NO_PIC = NO;
				GCC_NO_COMMON_BLOCKS = YES;
				GCC_OPTIMIZATION_LEVEL = 0;
				GCC_PREPROCESSOR_DEFINITIONS = (
					"DEBUG=1",
					"$(inherited)",
				);
				GCC_WARN_64_TO_32_BIT_CONVERSION = YES;
				GCC_WARN_ABOUT_RETURN_TYPE = YES_ERROR;
				GCC_WARN_UNDECLARED_SELECTOR = YES;
				GCC_WARN_UNINITIALIZED_AUTOS = YES_AGGRESSIVE;
				GCC_WARN_UNUSED_FUNCTION = YES;
				GCC_WARN_UNUSED_VARIABLE = YES;
				IPHONEOS_DEPLOYMENT_TARGET = 15.4;
				MTL_ENABLE_DEBUG_INFO = INCLUDE_SOURCE;
				MTL_FAST_MATH = YES;
				ONLY_ACTIVE_ARCH = YES;
				SDKROOT = iphoneos;
				SWIFT_ACTIVE_COMPILATION_CONDITIONS = DEBUG;
				SWIFT_OPTIMIZATION_LEVEL = "-Onone";
			};
			name = Debug;
		};
		75ACE452288E9977000CD758 /* Release */ = {
			isa = XCBuildConfiguration;
			buildSettings = {
				ALWAYS_SEARCH_USER_PATHS = NO;
				API_BASE_URL = "<Multiple Values>";
				CLANG_ANALYZER_NONNULL = YES;
				CLANG_ANALYZER_NUMBER_OBJECT_CONVERSION = YES_AGGRESSIVE;
				CLANG_CXX_LANGUAGE_STANDARD = "gnu++17";
				CLANG_ENABLE_MODULES = YES;
				CLANG_ENABLE_OBJC_ARC = YES;
				CLANG_ENABLE_OBJC_WEAK = YES;
				CLANG_WARN_BLOCK_CAPTURE_AUTORELEASING = YES;
				CLANG_WARN_BOOL_CONVERSION = YES;
				CLANG_WARN_COMMA = YES;
				CLANG_WARN_CONSTANT_CONVERSION = YES;
				CLANG_WARN_DEPRECATED_OBJC_IMPLEMENTATIONS = YES;
				CLANG_WARN_DIRECT_OBJC_ISA_USAGE = YES_ERROR;
				CLANG_WARN_DOCUMENTATION_COMMENTS = YES;
				CLANG_WARN_EMPTY_BODY = YES;
				CLANG_WARN_ENUM_CONVERSION = YES;
				CLANG_WARN_INFINITE_RECURSION = YES;
				CLANG_WARN_INT_CONVERSION = YES;
				CLANG_WARN_NON_LITERAL_NULL_CONVERSION = YES;
				CLANG_WARN_OBJC_IMPLICIT_RETAIN_SELF = YES;
				CLANG_WARN_OBJC_LITERAL_CONVERSION = YES;
				CLANG_WARN_OBJC_ROOT_CLASS = YES_ERROR;
				CLANG_WARN_QUOTED_INCLUDE_IN_FRAMEWORK_HEADER = YES;
				CLANG_WARN_RANGE_LOOP_ANALYSIS = YES;
				CLANG_WARN_STRICT_PROTOTYPES = YES;
				CLANG_WARN_SUSPICIOUS_MOVE = YES;
				CLANG_WARN_UNGUARDED_AVAILABILITY = YES_AGGRESSIVE;
				CLANG_WARN_UNREACHABLE_CODE = YES;
				CLANG_WARN__DUPLICATE_METHOD_MATCH = YES;
				COPY_PHASE_STRIP = NO;
				DEBUG_INFORMATION_FORMAT = "dwarf-with-dsym";
				ENABLE_NS_ASSERTIONS = NO;
				ENABLE_STRICT_OBJC_MSGSEND = YES;
				GCC_C_LANGUAGE_STANDARD = gnu11;
				GCC_NO_COMMON_BLOCKS = YES;
				GCC_WARN_64_TO_32_BIT_CONVERSION = YES;
				GCC_WARN_ABOUT_RETURN_TYPE = YES_ERROR;
				GCC_WARN_UNDECLARED_SELECTOR = YES;
				GCC_WARN_UNINITIALIZED_AUTOS = YES_AGGRESSIVE;
				GCC_WARN_UNUSED_FUNCTION = YES;
				GCC_WARN_UNUSED_VARIABLE = YES;
				IPHONEOS_DEPLOYMENT_TARGET = 15.4;
				MTL_ENABLE_DEBUG_INFO = NO;
				MTL_FAST_MATH = YES;
				SDKROOT = iphoneos;
				SWIFT_COMPILATION_MODE = wholemodule;
				SWIFT_OPTIMIZATION_LEVEL = "-O";
				VALIDATE_PRODUCT = YES;
			};
			name = Release;
		};
		75ACE454288E9977000CD758 /* Debug */ = {
			isa = XCBuildConfiguration;
			buildSettings = {
				ASSETCATALOG_COMPILER_APPICON_NAME = AppIcon;
				ASSETCATALOG_COMPILER_GLOBAL_ACCENT_COLOR_NAME = AccentColor;
				CODE_SIGN_STYLE = Automatic;
				CURRENT_PROJECT_VERSION = 1;
				DEVELOPMENT_TEAM = 85T6WU5C2P;
				GENERATE_INFOPLIST_FILE = YES;
				INFOPLIST_FILE = Marvel/Info.plist;
				INFOPLIST_KEY_UIApplicationSupportsIndirectInputEvents = YES;
				INFOPLIST_KEY_UILaunchStoryboardName = LaunchScreen;
				INFOPLIST_KEY_UISupportedInterfaceOrientations = UIInterfaceOrientationPortrait;
				INFOPLIST_KEY_UISupportedInterfaceOrientations_iPad = "UIInterfaceOrientationPortrait UIInterfaceOrientationPortraitUpsideDown";
				INFOPLIST_KEY_UISupportedInterfaceOrientations_iPhone = "UIInterfaceOrientationPortrait UIInterfaceOrientationLandscapeLeft UIInterfaceOrientationLandscapeRight";
				LD_RUNPATH_SEARCH_PATHS = (
					"$(inherited)",
					"@executable_path/Frameworks",
				);
				MARKETING_VERSION = 1.0;
				PRODUCT_BUNDLE_IDENTIFIER = com.chantaldeleste.Marvel;
				PRODUCT_NAME = "$(TARGET_NAME)";
				SWIFT_EMIT_LOC_STRINGS = YES;
				SWIFT_VERSION = 5.0;
				TARGETED_DEVICE_FAMILY = "1,2";
			};
			name = Debug;
		};
		75ACE455288E9977000CD758 /* Release */ = {
			isa = XCBuildConfiguration;
			buildSettings = {
				ASSETCATALOG_COMPILER_APPICON_NAME = AppIcon;
				ASSETCATALOG_COMPILER_GLOBAL_ACCENT_COLOR_NAME = AccentColor;
				CODE_SIGN_STYLE = Automatic;
				CURRENT_PROJECT_VERSION = 1;
				DEVELOPMENT_TEAM = 85T6WU5C2P;
				GENERATE_INFOPLIST_FILE = YES;
				INFOPLIST_FILE = Marvel/Info.plist;
				INFOPLIST_KEY_UIApplicationSupportsIndirectInputEvents = YES;
				INFOPLIST_KEY_UILaunchStoryboardName = LaunchScreen;
				INFOPLIST_KEY_UISupportedInterfaceOrientations = UIInterfaceOrientationPortrait;
				INFOPLIST_KEY_UISupportedInterfaceOrientations_iPad = "UIInterfaceOrientationPortrait UIInterfaceOrientationPortraitUpsideDown";
				INFOPLIST_KEY_UISupportedInterfaceOrientations_iPhone = "UIInterfaceOrientationPortrait UIInterfaceOrientationLandscapeLeft UIInterfaceOrientationLandscapeRight";
				LD_RUNPATH_SEARCH_PATHS = (
					"$(inherited)",
					"@executable_path/Frameworks",
				);
				MARKETING_VERSION = 1.0;
				PRODUCT_BUNDLE_IDENTIFIER = com.chantaldeleste.Marvel;
				PRODUCT_NAME = "$(TARGET_NAME)";
				SWIFT_EMIT_LOC_STRINGS = YES;
				SWIFT_VERSION = 5.0;
				TARGETED_DEVICE_FAMILY = "1,2";
			};
			name = Release;
		};
/* End XCBuildConfiguration section */

/* Begin XCConfigurationList section */
		75ACE43A288E9976000CD758 /* Build configuration list for PBXProject "Marvel" */ = {
			isa = XCConfigurationList;
			buildConfigurations = (
				75ACE451288E9977000CD758 /* Debug */,
				75ACE452288E9977000CD758 /* Release */,
			);
			defaultConfigurationIsVisible = 0;
			defaultConfigurationName = Release;
		};
		75ACE453288E9977000CD758 /* Build configuration list for PBXNativeTarget "Marvel" */ = {
			isa = XCConfigurationList;
			buildConfigurations = (
				75ACE454288E9977000CD758 /* Debug */,
				75ACE455288E9977000CD758 /* Release */,
			);
			defaultConfigurationIsVisible = 0;
			defaultConfigurationName = Release;
		};
/* End XCConfigurationList section */
	};
	rootObject = 75ACE437288E9976000CD758 /* Project object */;
}
